
Microsoft Visual Studio Solution File, Format Version 12.00
# Visual Studio Version 17
VisualStudioVersion = 17.4.33205.214
MinimumVisualStudioVersion = 10.0.40219.1
Project("{FAE04EC0-301F-11D3-BF4B-00C04F79EFBC}") = "ANCII_Image", "ANCII_Image\ANCII_Image.csproj", "{D323F22A-0F8E-45B8-94E2-AC0150D19932}"
EndProject
Global
	GlobalSection(SolutionConfigurationPlatforms) = preSolution
		Debug|Any CPU = Debug|Any CPU
		Release|Any CPU = Release|Any CPU
	EndGlobalSection
	GlobalSection(ProjectConfigurationPlatforms) = postSolution
		{D323F22A-0F8E-45B8-94E2-AC0150D19932}.Debug|Any CPU.ActiveCfg = Debug|Any CPU
		{D323F22A-0F8E-45B8-94E2-AC0150D19932}.Debug|Any CPU.Build.0 = Debug|Any CPU
		{D323F22A-0F8E-45B8-94E2-AC0150D19932}.Release|Any CPU.ActiveCfg = Release|Any CPU
		{D323F22A-0F8E-45B8-94E2-AC0150D19932}.Release|Any CPU.Build.0 = Release|Any CPU
	EndGlobalSection
	GlobalSection(SolutionProperties) = preSolution
		HideSolutionNode = FALSE
	EndGlobalSection
	GlobalSection(ExtensibilityGlobals) = postSolution
		SolutionGuid = {22B779E4-4800-43A5-9715-ACB01AE7D0DC}
	EndGlobalSection
EndGlobal
